
Microsoft Visual Studio Solution File, Format Version 12.00
# Visual Studio Version 17
VisualStudioVersion = 17.0.31903.59
MinimumVisualStudioVersion = 10.0.40219.1
Project("{9A19103F-16F7-4668-BE54-9A1E7A4F7556}") = "TheInterceptor", "TheInterceptor\TheInterceptor.csproj", "{ED958387-D675-4FF6-BEEC-D7CFADE09184}"
EndProject
Project("{FAE04EC0-301F-11D3-BF4B-00C04F79EFBC}") = "TheInterceptor.SourceGenerator", "TheInterceptor.SourceGenerator\TheInterceptor.SourceGenerator.csproj", "{98353472-2552-4AF7-9557-F599FDDA04CB}"
EndProject
Global
	GlobalSection(SolutionConfigurationPlatforms) = preSolution
		Debug|Any CPU = Debug|Any CPU
		Release|Any CPU = Release|Any CPU
	EndGlobalSection
	GlobalSection(ProjectConfigurationPlatforms) = postSolution
		{ED958387-D675-4FF6-BEEC-D7CFADE09184}.Debug|Any CPU.ActiveCfg = Debug|Any CPU
		{ED958387-D675-4FF6-BEEC-D7CFADE09184}.Debug|Any CPU.Build.0 = Debug|Any CPU
		{ED958387-D675-4FF6-BEEC-D7CFADE09184}.Release|Any CPU.ActiveCfg = Release|Any CPU
		{ED958387-D675-4FF6-BEEC-D7CFADE09184}.Release|Any CPU.Build.0 = Release|Any CPU
		{98353472-2552-4AF7-9557-F599FDDA04CB}.Debug|Any CPU.ActiveCfg = Debug|Any CPU
		{98353472-2552-4AF7-9557-F599FDDA04CB}.Debug|Any CPU.Build.0 = Debug|Any CPU
		{98353472-2552-4AF7-9557-F599FDDA04CB}.Release|Any CPU.ActiveCfg = Release|Any CPU
		{98353472-2552-4AF7-9557-F599FDDA04CB}.Release|Any CPU.Build.0 = Release|Any CPU
	EndGlobalSection
	GlobalSection(SolutionProperties) = preSolution
		HideSolutionNode = FALSE
	EndGlobalSection
	GlobalSection(ExtensibilityGlobals) = postSolution
		SolutionGuid = {B9946CBC-561F-45AD-88C2-10D10E86A98F}
	EndGlobalSection
EndGlobal
